
Microsoft Visual Studio Solution File, Format Version 12.00
# Visual Studio Version 16
VisualStudioVersion = 16.0.30804.86
MinimumVisualStudioVersion = 10.0.40219.1
Project("{FAE04EC0-301F-11D3-BF4B-00C04F79EFBC}") = "GameBox", "GameBox\GameBox.csproj", "{F2D657B1-9457-4F74-98EA-944FF00E6229}"
EndProject
Global
	GlobalSection(SolutionConfigurationPlatforms) = preSolution
		Debug|Any CPU = Debug|Any CPU
		Release|Any CPU = Release|Any CPU
	EndGlobalSection
	GlobalSection(ProjectConfigurationPlatforms) = postSolution
		{F2D657B1-9457-4F74-98EA-944FF00E6229}.Debug|Any CPU.ActiveCfg = Debug|Any CPU
		{F2D657B1-9457-4F74-98EA-944FF00E6229}.Debug|Any CPU.Build.0 = Debug|Any CPU
		{F2D657B1-9457-4F74-98EA-944FF00E6229}.Release|Any CPU.ActiveCfg = Release|Any CPU
		{F2D657B1-9457-4F74-98EA-944FF00E6229}.Release|Any CPU.Build.0 = Release|Any CPU
	EndGlobalSection
	GlobalSection(SolutionProperties) = preSolution
		HideSolutionNode = FALSE
	EndGlobalSection
	GlobalSection(ExtensibilityGlobals) = postSolution
		SolutionGuid = {B7BE4E4E-F186-463C-B4E3-E435185E10FB}
	EndGlobalSection
EndGlobal
